
Microsoft Visual Studio Solution File, Format Version 12.00
# Visual Studio 15
VisualStudioVersion = 15.0.28307.438
MinimumVisualStudioVersion = 10.0.40219.1
Project("{9A19103F-16F7-4668-BE54-9A1E7A4F7556}") = "01.Basic Stack Operations", "01.Basic Stack Operations\01.Basic Stack Operations.csproj", "{9BE249A2-DBF3-410E-A03D-8E730816DFC4}"
EndProject
Project("{9A19103F-16F7-4668-BE54-9A1E7A4F7556}") = "03.Maximum and Minimum Element", "03.Maximum and Minimum Element\03.Maximum and Minimum Element.csproj", "{7442892F-B464-4C01-8187-395A5B04B84F}"
EndProject
Project("{9A19103F-16F7-4668-BE54-9A1E7A4F7556}") = "04. Fast Food", "04. Fast Food\04. Fast Food.csproj", "{1241EB05-CED8-41A6-BD05-0470430B420C}"
EndProject
Project("{9A19103F-16F7-4668-BE54-9A1E7A4F7556}") = "05.  Fashion Boutique", "05.  Fashion Boutique\05.  Fashion Boutique.csproj", "{7CCC1DE3-42FD-47AC-BFFE-FD515507980B}"
EndProject
Project("{9A19103F-16F7-4668-BE54-9A1E7A4F7556}") = "06.  Auto Repair and Service", "6.  Auto Repair and Service\06.  Auto Repair and Service.csproj", "{7C9554FE-F27E-4666-BFCE-A598CDACC98F}"
EndProject
Project("{9A19103F-16F7-4668-BE54-9A1E7A4F7556}") = "07.  Truck Tour", "7.  Truck Tour\07.  Truck Tour.csproj", "{E6C8F217-F3BF-44C5-B9E5-F6FED244724F}"
EndProject
Project("{9A19103F-16F7-4668-BE54-9A1E7A4F7556}") = "08.  Balanced Parentheses", "08.  Balanced Parentheses\08.  Balanced Parentheses.csproj", "{1A22EA30-3E1D-43CC-9085-EDEB4501326D}"
EndProject
Project("{9A19103F-16F7-4668-BE54-9A1E7A4F7556}") = "09.  Simple Text Editor", "09.  Simple Text Editor\09.  Simple Text Editor.csproj", "{D85AEA33-D8C8-4D7F-A4C7-DBE26C294C67}"
EndProject
Project("{9A19103F-16F7-4668-BE54-9A1E7A4F7556}") = "10.Crossroads", "10.Crossroads\10.Crossroads.csproj", "{164A8829-956E-41D8-B1C0-2E600E85AE49}"
EndProject
Project("{9A19103F-16F7-4668-BE54-9A1E7A4F7556}") = "11.Key Revolver", "11.Key Revolver\11.Key Revolver.csproj", "{3FE03BC4-130D-4BA7-BB73-8CDEE3B385C1}"
EndProject
Project("{FAE04EC0-301F-11D3-BF4B-00C04F79EFBC}") = "12 Cups And Bottles", "12 Cups And Bottles\12 Cups And Bottles.csproj", "{08A07C32-1A1D-40A4-BCD9-29D89783910A}"
EndProject
Global
	GlobalSection(SolutionConfigurationPlatforms) = preSolution
		Debug|Any CPU = Debug|Any CPU
		Release|Any CPU = Release|Any CPU
	EndGlobalSection
	GlobalSection(ProjectConfigurationPlatforms) = postSolution
		{9BE249A2-DBF3-410E-A03D-8E730816DFC4}.Debug|Any CPU.ActiveCfg = Debug|Any CPU
		{9BE249A2-DBF3-410E-A03D-8E730816DFC4}.Debug|Any CPU.Build.0 = Debug|Any CPU
		{9BE249A2-DBF3-410E-A03D-8E730816DFC4}.Release|Any CPU.ActiveCfg = Release|Any CPU
		{9BE249A2-DBF3-410E-A03D-8E730816DFC4}.Release|Any CPU.Build.0 = Release|Any CPU
		{7442892F-B464-4C01-8187-395A5B04B84F}.Debug|Any CPU.ActiveCfg = Debug|Any CPU
		{7442892F-B464-4C01-8187-395A5B04B84F}.Debug|Any CPU.Build.0 = Debug|Any CPU
		{7442892F-B464-4C01-8187-395A5B04B84F}.Release|Any CPU.ActiveCfg = Release|Any CPU
		{7442892F-B464-4C01-8187-395A5B04B84F}.Release|Any CPU.Build.0 = Release|Any CPU
		{1241EB05-CED8-41A6-BD05-0470430B420C}.Debug|Any CPU.ActiveCfg = Debug|Any CPU
		{1241EB05-CED8-41A6-BD05-0470430B420C}.Debug|Any CPU.Build.0 = Debug|Any CPU
		{1241EB05-CED8-41A6-BD05-0470430B420C}.Release|Any CPU.ActiveCfg = Release|Any CPU
		{1241EB05-CED8-41A6-BD05-0470430B420C}.Release|Any CPU.Build.0 = Release|Any CPU
		{7CCC1DE3-42FD-47AC-BFFE-FD515507980B}.Debug|Any CPU.ActiveCfg = Debug|Any CPU
		{7CCC1DE3-42FD-47AC-BFFE-FD515507980B}.Debug|Any CPU.Build.0 = Debug|Any CPU
		{7CCC1DE3-42FD-47AC-BFFE-FD515507980B}.Release|Any CPU.ActiveCfg = Release|Any CPU
		{7CCC1DE3-42FD-47AC-BFFE-FD515507980B}.Release|Any CPU.Build.0 = Release|Any CPU
		{7C9554FE-F27E-4666-BFCE-A598CDACC98F}.Debug|Any CPU.ActiveCfg = Debug|Any CPU
		{7C9554FE-F27E-4666-BFCE-A598CDACC98F}.Debug|Any CPU.Build.0 = Debug|Any CPU
		{7C9554FE-F27E-4666-BFCE-A598CDACC98F}.Release|Any CPU.ActiveCfg = Release|Any CPU
		{7C9554FE-F27E-4666-BFCE-A598CDACC98F}.Release|Any CPU.Build.0 = Release|Any CPU
		{E6C8F217-F3BF-44C5-B9E5-F6FED244724F}.Debug|Any CPU.ActiveCfg = Debug|Any CPU
		{E6C8F217-F3BF-44C5-B9E5-F6FED244724F}.Debug|Any CPU.Build.0 = Debug|Any CPU
		{E6C8F217-F3BF-44C5-B9E5-F6FED244724F}.Release|Any CPU.ActiveCfg = Release|Any CPU
		{E6C8F217-F3BF-44C5-B9E5-F6FED244724F}.Release|Any CPU.Build.0 = Release|Any CPU
		{1A22EA30-3E1D-43CC-9085-EDEB4501326D}.Debug|Any CPU.ActiveCfg = Debug|Any CPU
		{1A22EA30-3E1D-43CC-9085-EDEB4501326D}.Debug|Any CPU.Build.0 = Debug|Any CPU
		{1A22EA30-3E1D-43CC-9085-EDEB4501326D}.Release|Any CPU.ActiveCfg = Release|Any CPU
		{1A22EA30-3E1D-43CC-9085-EDEB4501326D}.Release|Any CPU.Build.0 = Release|Any CPU
		{D85AEA33-D8C8-4D7F-A4C7-DBE26C294C67}.Debug|Any CPU.ActiveCfg = Debug|Any CPU
		{D85AEA33-D8C8-4D7F-A4C7-DBE26C294C67}.Debug|Any CPU.Build.0 = Debug|Any CPU
		{D85AEA33-D8C8-4D7F-A4C7-DBE26C294C67}.Release|Any CPU.ActiveCfg = Release|Any CPU
		{D85AEA33-D8C8-4D7F-A4C7-DBE26C294C67}.Release|Any CPU.Build.0 = Release|Any CPU
		{164A8829-956E-41D8-B1C0-2E600E85AE49}.Debug|Any CPU.ActiveCfg = Debug|Any CPU
		{164A8829-956E-41D8-B1C0-2E600E85AE49}.Debug|Any CPU.Build.0 = Debug|Any CPU
		{164A8829-956E-41D8-B1C0-2E600E85AE49}.Release|Any CPU.ActiveCfg = Release|Any CPU
		{164A8829-956E-41D8-B1C0-2E600E85AE49}.Release|Any CPU.Build.0 = Release|Any CPU
		{3FE03BC4-130D-4BA7-BB73-8CDEE3B385C1}.Debug|Any CPU.ActiveCfg = Debug|Any CPU
		{3FE03BC4-130D-4BA7-BB73-8CDEE3B385C1}.Debug|Any CPU.Build.0 = Debug|Any CPU
		{3FE03BC4-130D-4BA7-BB73-8CDEE3B385C1}.Release|Any CPU.ActiveCfg = Release|Any CPU
		{3FE03BC4-130D-4BA7-BB73-8CDEE3B385C1}.Release|Any CPU.Build.0 = Release|Any CPU
		{08A07C32-1A1D-40A4-BCD9-29D89783910A}.Debug|Any CPU.ActiveCfg = Debug|Any CPU
		{08A07C32-1A1D-40A4-BCD9-29D89783910A}.Debug|Any CPU.Build.0 = Debug|Any CPU
		{08A07C32-1A1D-40A4-BCD9-29D89783910A}.Release|Any CPU.ActiveCfg = Release|Any CPU
		{08A07C32-1A1D-40A4-BCD9-29D89783910A}.Release|Any CPU.Build.0 = Release|Any CPU
	EndGlobalSection
	GlobalSection(SolutionProperties) = preSolution
		HideSolutionNode = FALSE
	EndGlobalSection
	GlobalSection(ExtensibilityGlobals) = postSolution
		SolutionGuid = {321B8485-34F8-4F1F-B77D-052A755E1B7E}
	EndGlobalSection
EndGlobal
