
Microsoft Visual Studio Solution File, Format Version 12.00
# Visual Studio Version 16
VisualStudioVersion = 16.0.30114.105
MinimumVisualStudioVersion = 10.0.40219.1
Project("{9A19103F-16F7-4668-BE54-9A1E7A4F7556}") = "Solve", "Solve\Solve.csproj", "{0233B70B-8B1D-4068-B6DB-79BBE96A59B3}"
EndProject
Project("{9A19103F-16F7-4668-BE54-9A1E7A4F7556}") = "TestProject", "TestProject\TestProject.csproj", "{92F0E46D-9C0C-4964-A393-7976F84875D8}"
EndProject
Project("{FAE04EC0-301F-11D3-BF4B-00C04F79EFBC}") = "ConsoleApp1", "ConsoleApp1\ConsoleApp1.csproj", "{0E49B26C-E300-4F8F-B789-9A3FDBA05BC2}"
EndProject
Global
	GlobalSection(SolutionConfigurationPlatforms) = preSolution
		Debug|Any CPU = Debug|Any CPU
		Release|Any CPU = Release|Any CPU
	EndGlobalSection
	GlobalSection(ProjectConfigurationPlatforms) = postSolution
		{0233B70B-8B1D-4068-B6DB-79BBE96A59B3}.Debug|Any CPU.ActiveCfg = Debug|Any CPU
		{0233B70B-8B1D-4068-B6DB-79BBE96A59B3}.Debug|Any CPU.Build.0 = Debug|Any CPU
		{0233B70B-8B1D-4068-B6DB-79BBE96A59B3}.Release|Any CPU.ActiveCfg = Release|Any CPU
		{0233B70B-8B1D-4068-B6DB-79BBE96A59B3}.Release|Any CPU.Build.0 = Release|Any CPU
		{92F0E46D-9C0C-4964-A393-7976F84875D8}.Debug|Any CPU.ActiveCfg = Debug|Any CPU
		{92F0E46D-9C0C-4964-A393-7976F84875D8}.Debug|Any CPU.Build.0 = Debug|Any CPU
		{92F0E46D-9C0C-4964-A393-7976F84875D8}.Release|Any CPU.ActiveCfg = Release|Any CPU
		{92F0E46D-9C0C-4964-A393-7976F84875D8}.Release|Any CPU.Build.0 = Release|Any CPU
		{0E49B26C-E300-4F8F-B789-9A3FDBA05BC2}.Debug|Any CPU.ActiveCfg = Debug|Any CPU
		{0E49B26C-E300-4F8F-B789-9A3FDBA05BC2}.Debug|Any CPU.Build.0 = Debug|Any CPU
		{0E49B26C-E300-4F8F-B789-9A3FDBA05BC2}.Release|Any CPU.ActiveCfg = Release|Any CPU
		{0E49B26C-E300-4F8F-B789-9A3FDBA05BC2}.Release|Any CPU.Build.0 = Release|Any CPU
	EndGlobalSection
	GlobalSection(SolutionProperties) = preSolution
		HideSolutionNode = FALSE
	EndGlobalSection
	GlobalSection(ExtensibilityGlobals) = postSolution
		SolutionGuid = {70B6E6CC-7559-4F97-81DD-B67974CEF68C}
	EndGlobalSection
EndGlobal
