
Microsoft Visual Studio Solution File, Format Version 12.00
# Visual Studio 15
VisualStudioVersion = 15.0.28307.438
MinimumVisualStudioVersion = 10.0.40219.1
Project("{9A19103F-16F7-4668-BE54-9A1E7A4F7556}") = "Vehicles", "Vehicles\Vehicles.csproj", "{992AE909-7004-43F0-BEE3-706A995BA901}"
EndProject
Project("{FAE04EC0-301F-11D3-BF4B-00C04F79EFBC}") = "Blabla", "Blabla\Blabla.csproj", "{B7E2F0FA-02E6-4308-8557-1981E5A8323E}"
EndProject
Global
	GlobalSection(SolutionConfigurationPlatforms) = preSolution
		Debug|Any CPU = Debug|Any CPU
		Release|Any CPU = Release|Any CPU
	EndGlobalSection
	GlobalSection(ProjectConfigurationPlatforms) = postSolution
		{992AE909-7004-43F0-BEE3-706A995BA901}.Debug|Any CPU.ActiveCfg = Debug|Any CPU
		{992AE909-7004-43F0-BEE3-706A995BA901}.Debug|Any CPU.Build.0 = Debug|Any CPU
		{992AE909-7004-43F0-BEE3-706A995BA901}.Release|Any CPU.ActiveCfg = Release|Any CPU
		{992AE909-7004-43F0-BEE3-706A995BA901}.Release|Any CPU.Build.0 = Release|Any CPU
		{B7E2F0FA-02E6-4308-8557-1981E5A8323E}.Debug|Any CPU.ActiveCfg = Debug|Any CPU
		{B7E2F0FA-02E6-4308-8557-1981E5A8323E}.Debug|Any CPU.Build.0 = Debug|Any CPU
		{B7E2F0FA-02E6-4308-8557-1981E5A8323E}.Release|Any CPU.ActiveCfg = Release|Any CPU
		{B7E2F0FA-02E6-4308-8557-1981E5A8323E}.Release|Any CPU.Build.0 = Release|Any CPU
	EndGlobalSection
	GlobalSection(SolutionProperties) = preSolution
		HideSolutionNode = FALSE
	EndGlobalSection
	GlobalSection(ExtensibilityGlobals) = postSolution
		SolutionGuid = {B47262D4-B38A-43BA-9BFD-3C4C9ECED2D5}
	EndGlobalSection
EndGlobal
