
Microsoft Visual Studio Solution File, Format Version 12.00
# Visual Studio 15
VisualStudioVersion = 15.0.28307.438
MinimumVisualStudioVersion = 10.0.40219.1
Project("{FAE04EC0-301F-11D3-BF4B-00C04F79EFBC}") = "PersonInfo", "PersonInfo\PersonInfo.csproj", "{B701E418-4C4B-4658-823E-7DC89CC5F251}"
EndProject
Project("{FAE04EC0-301F-11D3-BF4B-00C04F79EFBC}") = "Ferrari", "Ferrari\Ferrari.csproj", "{48E8BC15-C5CD-4B39-961C-FDDA46CCD2F0}"
EndProject
Project("{FAE04EC0-301F-11D3-BF4B-00C04F79EFBC}") = "Telephony", "Telephony\Telephony.csproj", "{AAEF376C-0DA5-479C-A01C-B736901F5428}"
EndProject
Project("{FAE04EC0-301F-11D3-BF4B-00C04F79EFBC}") = "BorderControl", "BorderControl\BorderControl.csproj", "{DB027570-9B37-4341-9743-152BDCF557A2}"
EndProject
Project("{FAE04EC0-301F-11D3-BF4B-00C04F79EFBC}") = "MilitaryElite", "MilitaryElite\MilitaryElite.csproj", "{22B977B1-C523-41DE-A48B-35C0D7DFE81D}"
EndProject
Global
	GlobalSection(SolutionConfigurationPlatforms) = preSolution
		Debug|Any CPU = Debug|Any CPU
		Release|Any CPU = Release|Any CPU
	EndGlobalSection
	GlobalSection(ProjectConfigurationPlatforms) = postSolution
		{B701E418-4C4B-4658-823E-7DC89CC5F251}.Debug|Any CPU.ActiveCfg = Debug|Any CPU
		{B701E418-4C4B-4658-823E-7DC89CC5F251}.Debug|Any CPU.Build.0 = Debug|Any CPU
		{B701E418-4C4B-4658-823E-7DC89CC5F251}.Release|Any CPU.ActiveCfg = Release|Any CPU
		{B701E418-4C4B-4658-823E-7DC89CC5F251}.Release|Any CPU.Build.0 = Release|Any CPU
		{48E8BC15-C5CD-4B39-961C-FDDA46CCD2F0}.Debug|Any CPU.ActiveCfg = Debug|Any CPU
		{48E8BC15-C5CD-4B39-961C-FDDA46CCD2F0}.Debug|Any CPU.Build.0 = Debug|Any CPU
		{48E8BC15-C5CD-4B39-961C-FDDA46CCD2F0}.Release|Any CPU.ActiveCfg = Release|Any CPU
		{48E8BC15-C5CD-4B39-961C-FDDA46CCD2F0}.Release|Any CPU.Build.0 = Release|Any CPU
		{AAEF376C-0DA5-479C-A01C-B736901F5428}.Debug|Any CPU.ActiveCfg = Debug|Any CPU
		{AAEF376C-0DA5-479C-A01C-B736901F5428}.Debug|Any CPU.Build.0 = Debug|Any CPU
		{AAEF376C-0DA5-479C-A01C-B736901F5428}.Release|Any CPU.ActiveCfg = Release|Any CPU
		{AAEF376C-0DA5-479C-A01C-B736901F5428}.Release|Any CPU.Build.0 = Release|Any CPU
		{DB027570-9B37-4341-9743-152BDCF557A2}.Debug|Any CPU.ActiveCfg = Debug|Any CPU
		{DB027570-9B37-4341-9743-152BDCF557A2}.Debug|Any CPU.Build.0 = Debug|Any CPU
		{DB027570-9B37-4341-9743-152BDCF557A2}.Release|Any CPU.ActiveCfg = Release|Any CPU
		{DB027570-9B37-4341-9743-152BDCF557A2}.Release|Any CPU.Build.0 = Release|Any CPU
		{22B977B1-C523-41DE-A48B-35C0D7DFE81D}.Debug|Any CPU.ActiveCfg = Debug|Any CPU
		{22B977B1-C523-41DE-A48B-35C0D7DFE81D}.Debug|Any CPU.Build.0 = Debug|Any CPU
		{22B977B1-C523-41DE-A48B-35C0D7DFE81D}.Release|Any CPU.ActiveCfg = Release|Any CPU
		{22B977B1-C523-41DE-A48B-35C0D7DFE81D}.Release|Any CPU.Build.0 = Release|Any CPU
	EndGlobalSection
	GlobalSection(SolutionProperties) = preSolution
		HideSolutionNode = FALSE
	EndGlobalSection
	GlobalSection(ExtensibilityGlobals) = postSolution
		SolutionGuid = {868779B5-8C35-432A-B91E-4B487A34AEB5}
	EndGlobalSection
EndGlobal
