
Microsoft Visual Studio Solution File, Format Version 12.00
# Visual Studio 15
VisualStudioVersion = 15.0.28307.438
MinimumVisualStudioVersion = 10.0.40219.1
Project("{9A19103F-16F7-4668-BE54-9A1E7A4F7556}") = "ClassBoxData", "ClassBoxData\ClassBoxData.csproj", "{924D741B-7C40-4A35-B05E-2FC3B64F88E2}"
EndProject
Project("{9A19103F-16F7-4668-BE54-9A1E7A4F7556}") = "AnimalFarm", "..\..\..\..\..\Desktop\softuni\C#OOP\03. CSharp-OOP-Encapsulation-Exercises-AnimalFarm\AnimalFarm\AnimalFarm\AnimalFarm.csproj", "{EE431660-A9D1-4C4D-82A3-BAE27EE3E46C}"
EndProject
Project("{9A19103F-16F7-4668-BE54-9A1E7A4F7556}") = "ShoppingSpree", "ShoppingSpree\ShoppingSpree.csproj", "{14CC6CF2-5B86-4B2F-89D8-893C427CB054}"
EndProject
Project("{9A19103F-16F7-4668-BE54-9A1E7A4F7556}") = "PizzaCalories", "PizzaCalories\PizzaCalories.csproj", "{1160A4D3-6949-442E-A536-C3A9736A2BE4}"
EndProject
Project("{FAE04EC0-301F-11D3-BF4B-00C04F79EFBC}") = "FootballTeamGenerator", "FootballTeamGenerator\FootballTeamGenerator.csproj", "{42638C3F-535D-4066-901D-4161BEA04CFF}"
EndProject
Global
	GlobalSection(SolutionConfigurationPlatforms) = preSolution
		Debug|Any CPU = Debug|Any CPU
		Release|Any CPU = Release|Any CPU
	EndGlobalSection
	GlobalSection(ProjectConfigurationPlatforms) = postSolution
		{924D741B-7C40-4A35-B05E-2FC3B64F88E2}.Debug|Any CPU.ActiveCfg = Debug|Any CPU
		{924D741B-7C40-4A35-B05E-2FC3B64F88E2}.Debug|Any CPU.Build.0 = Debug|Any CPU
		{924D741B-7C40-4A35-B05E-2FC3B64F88E2}.Release|Any CPU.ActiveCfg = Release|Any CPU
		{924D741B-7C40-4A35-B05E-2FC3B64F88E2}.Release|Any CPU.Build.0 = Release|Any CPU
		{EE431660-A9D1-4C4D-82A3-BAE27EE3E46C}.Debug|Any CPU.ActiveCfg = Debug|Any CPU
		{EE431660-A9D1-4C4D-82A3-BAE27EE3E46C}.Debug|Any CPU.Build.0 = Debug|Any CPU
		{EE431660-A9D1-4C4D-82A3-BAE27EE3E46C}.Release|Any CPU.ActiveCfg = Release|Any CPU
		{EE431660-A9D1-4C4D-82A3-BAE27EE3E46C}.Release|Any CPU.Build.0 = Release|Any CPU
		{14CC6CF2-5B86-4B2F-89D8-893C427CB054}.Debug|Any CPU.ActiveCfg = Debug|Any CPU
		{14CC6CF2-5B86-4B2F-89D8-893C427CB054}.Debug|Any CPU.Build.0 = Debug|Any CPU
		{14CC6CF2-5B86-4B2F-89D8-893C427CB054}.Release|Any CPU.ActiveCfg = Release|Any CPU
		{14CC6CF2-5B86-4B2F-89D8-893C427CB054}.Release|Any CPU.Build.0 = Release|Any CPU
		{1160A4D3-6949-442E-A536-C3A9736A2BE4}.Debug|Any CPU.ActiveCfg = Debug|Any CPU
		{1160A4D3-6949-442E-A536-C3A9736A2BE4}.Debug|Any CPU.Build.0 = Debug|Any CPU
		{1160A4D3-6949-442E-A536-C3A9736A2BE4}.Release|Any CPU.ActiveCfg = Release|Any CPU
		{1160A4D3-6949-442E-A536-C3A9736A2BE4}.Release|Any CPU.Build.0 = Release|Any CPU
		{42638C3F-535D-4066-901D-4161BEA04CFF}.Debug|Any CPU.ActiveCfg = Debug|Any CPU
		{42638C3F-535D-4066-901D-4161BEA04CFF}.Debug|Any CPU.Build.0 = Debug|Any CPU
		{42638C3F-535D-4066-901D-4161BEA04CFF}.Release|Any CPU.ActiveCfg = Release|Any CPU
		{42638C3F-535D-4066-901D-4161BEA04CFF}.Release|Any CPU.Build.0 = Release|Any CPU
	EndGlobalSection
	GlobalSection(SolutionProperties) = preSolution
		HideSolutionNode = FALSE
	EndGlobalSection
	GlobalSection(ExtensibilityGlobals) = postSolution
		SolutionGuid = {DC45CC73-5848-4EE2-B36F-1D9F733E1F7F}
	EndGlobalSection
EndGlobal
